
Microsoft Visual Studio Solution File, Format Version 12.00
# Visual Studio 15
VisualStudioVersion = 15.0.26124.0
MinimumVisualStudioVersion = 15.0.26124.0
Project("{2150E333-8FDC-42A3-9474-1A3956D46DE8}") = "Source", "Source", "{9E6C5E61-6199-4C8F-A400-F4E407BA4C9B}"
EndProject
Project("{FAE04EC0-301F-11D3-BF4B-00C04F79EFBC}") = "Build", "Source\Build\Build.csproj", "{4D7CDC49-E530-4CD1-9082-0E11567C8DAF}"
EndProject
Project("{FAE04EC0-301F-11D3-BF4B-00C04F79EFBC}") = "Packager", "Source\Packager\Packager.csproj", "{01238FE3-42CF-4383-A6A2-5C27B80BDE1F}"
EndProject
Project("{FAE04EC0-301F-11D3-BF4B-00C04F79EFBC}") = "WebAssembly", "Source\AggregatedPackage\WebAssembly.csproj", "{718E6DBB-21A9-4EC8-8905-0B77DA8DACB3}"
EndProject
Project("{FAE04EC0-301F-11D3-BF4B-00C04F79EFBC}") = "Core", "Source\Core\Core.csproj", "{FF95E83C-75D9-465D-847C-41947A03D6AE}"
EndProject
Project("{FAE04EC0-301F-11D3-BF4B-00C04F79EFBC}") = "Commands", "Source\Commands\Commands.csproj", "{2C0601AA-471E-44F8-83AC-F298798B6DCB}"
EndProject
Project("{FAE04EC0-301F-11D3-BF4B-00C04F79EFBC}") = "Queries", "Source\Queries\Queries.csproj", "{0A34F516-FF2C-447D-BB41-2D86B02D25C1}"
EndProject
Global
	GlobalSection(SolutionConfigurationPlatforms) = preSolution
		Debug|Any CPU = Debug|Any CPU
		Debug|x64 = Debug|x64
		Debug|x86 = Debug|x86
		Release|Any CPU = Release|Any CPU
		Release|x64 = Release|x64
		Release|x86 = Release|x86
	EndGlobalSection
	GlobalSection(SolutionProperties) = preSolution
		HideSolutionNode = FALSE
	EndGlobalSection
	GlobalSection(ProjectConfigurationPlatforms) = postSolution
		{4D7CDC49-E530-4CD1-9082-0E11567C8DAF}.Debug|Any CPU.ActiveCfg = Debug|Any CPU
		{4D7CDC49-E530-4CD1-9082-0E11567C8DAF}.Debug|Any CPU.Build.0 = Debug|Any CPU
		{4D7CDC49-E530-4CD1-9082-0E11567C8DAF}.Debug|x64.ActiveCfg = Debug|Any CPU
		{4D7CDC49-E530-4CD1-9082-0E11567C8DAF}.Debug|x64.Build.0 = Debug|Any CPU
		{4D7CDC49-E530-4CD1-9082-0E11567C8DAF}.Debug|x86.ActiveCfg = Debug|Any CPU
		{4D7CDC49-E530-4CD1-9082-0E11567C8DAF}.Debug|x86.Build.0 = Debug|Any CPU
		{4D7CDC49-E530-4CD1-9082-0E11567C8DAF}.Release|Any CPU.ActiveCfg = Release|Any CPU
		{4D7CDC49-E530-4CD1-9082-0E11567C8DAF}.Release|Any CPU.Build.0 = Release|Any CPU
		{4D7CDC49-E530-4CD1-9082-0E11567C8DAF}.Release|x64.ActiveCfg = Release|Any CPU
		{4D7CDC49-E530-4CD1-9082-0E11567C8DAF}.Release|x64.Build.0 = Release|Any CPU
		{4D7CDC49-E530-4CD1-9082-0E11567C8DAF}.Release|x86.ActiveCfg = Release|Any CPU
		{4D7CDC49-E530-4CD1-9082-0E11567C8DAF}.Release|x86.Build.0 = Release|Any CPU
		{01238FE3-42CF-4383-A6A2-5C27B80BDE1F}.Debug|Any CPU.ActiveCfg = Debug|Any CPU
		{01238FE3-42CF-4383-A6A2-5C27B80BDE1F}.Debug|Any CPU.Build.0 = Debug|Any CPU
		{01238FE3-42CF-4383-A6A2-5C27B80BDE1F}.Debug|x64.ActiveCfg = Debug|Any CPU
		{01238FE3-42CF-4383-A6A2-5C27B80BDE1F}.Debug|x64.Build.0 = Debug|Any CPU
		{01238FE3-42CF-4383-A6A2-5C27B80BDE1F}.Debug|x86.ActiveCfg = Debug|Any CPU
		{01238FE3-42CF-4383-A6A2-5C27B80BDE1F}.Debug|x86.Build.0 = Debug|Any CPU
		{01238FE3-42CF-4383-A6A2-5C27B80BDE1F}.Release|Any CPU.ActiveCfg = Release|Any CPU
		{01238FE3-42CF-4383-A6A2-5C27B80BDE1F}.Release|Any CPU.Build.0 = Release|Any CPU
		{01238FE3-42CF-4383-A6A2-5C27B80BDE1F}.Release|x64.ActiveCfg = Release|Any CPU
		{01238FE3-42CF-4383-A6A2-5C27B80BDE1F}.Release|x64.Build.0 = Release|Any CPU
		{01238FE3-42CF-4383-A6A2-5C27B80BDE1F}.Release|x86.ActiveCfg = Release|Any CPU
		{01238FE3-42CF-4383-A6A2-5C27B80BDE1F}.Release|x86.Build.0 = Release|Any CPU
		{718E6DBB-21A9-4EC8-8905-0B77DA8DACB3}.Debug|Any CPU.ActiveCfg = Debug|Any CPU
		{718E6DBB-21A9-4EC8-8905-0B77DA8DACB3}.Debug|Any CPU.Build.0 = Debug|Any CPU
		{718E6DBB-21A9-4EC8-8905-0B77DA8DACB3}.Debug|x64.ActiveCfg = Debug|Any CPU
		{718E6DBB-21A9-4EC8-8905-0B77DA8DACB3}.Debug|x64.Build.0 = Debug|Any CPU
		{718E6DBB-21A9-4EC8-8905-0B77DA8DACB3}.Debug|x86.ActiveCfg = Debug|Any CPU
		{718E6DBB-21A9-4EC8-8905-0B77DA8DACB3}.Debug|x86.Build.0 = Debug|Any CPU
		{718E6DBB-21A9-4EC8-8905-0B77DA8DACB3}.Release|Any CPU.ActiveCfg = Release|Any CPU
		{718E6DBB-21A9-4EC8-8905-0B77DA8DACB3}.Release|Any CPU.Build.0 = Release|Any CPU
		{718E6DBB-21A9-4EC8-8905-0B77DA8DACB3}.Release|x64.ActiveCfg = Release|Any CPU
		{718E6DBB-21A9-4EC8-8905-0B77DA8DACB3}.Release|x64.Build.0 = Release|Any CPU
		{718E6DBB-21A9-4EC8-8905-0B77DA8DACB3}.Release|x86.ActiveCfg = Release|Any CPU
		{718E6DBB-21A9-4EC8-8905-0B77DA8DACB3}.Release|x86.Build.0 = Release|Any CPU
		{FF95E83C-75D9-465D-847C-41947A03D6AE}.Debug|Any CPU.ActiveCfg = Debug|Any CPU
		{FF95E83C-75D9-465D-847C-41947A03D6AE}.Debug|Any CPU.Build.0 = Debug|Any CPU
		{FF95E83C-75D9-465D-847C-41947A03D6AE}.Debug|x64.ActiveCfg = Debug|Any CPU
		{FF95E83C-75D9-465D-847C-41947A03D6AE}.Debug|x64.Build.0 = Debug|Any CPU
		{FF95E83C-75D9-465D-847C-41947A03D6AE}.Debug|x86.ActiveCfg = Debug|Any CPU
		{FF95E83C-75D9-465D-847C-41947A03D6AE}.Debug|x86.Build.0 = Debug|Any CPU
		{FF95E83C-75D9-465D-847C-41947A03D6AE}.Release|Any CPU.ActiveCfg = Release|Any CPU
		{FF95E83C-75D9-465D-847C-41947A03D6AE}.Release|Any CPU.Build.0 = Release|Any CPU
		{FF95E83C-75D9-465D-847C-41947A03D6AE}.Release|x64.ActiveCfg = Release|Any CPU
		{FF95E83C-75D9-465D-847C-41947A03D6AE}.Release|x64.Build.0 = Release|Any CPU
		{FF95E83C-75D9-465D-847C-41947A03D6AE}.Release|x86.ActiveCfg = Release|Any CPU
		{FF95E83C-75D9-465D-847C-41947A03D6AE}.Release|x86.Build.0 = Release|Any CPU
		{2C0601AA-471E-44F8-83AC-F298798B6DCB}.Debug|Any CPU.ActiveCfg = Debug|Any CPU
		{2C0601AA-471E-44F8-83AC-F298798B6DCB}.Debug|Any CPU.Build.0 = Debug|Any CPU
		{2C0601AA-471E-44F8-83AC-F298798B6DCB}.Debug|x64.ActiveCfg = Debug|Any CPU
		{2C0601AA-471E-44F8-83AC-F298798B6DCB}.Debug|x64.Build.0 = Debug|Any CPU
		{2C0601AA-471E-44F8-83AC-F298798B6DCB}.Debug|x86.ActiveCfg = Debug|Any CPU
		{2C0601AA-471E-44F8-83AC-F298798B6DCB}.Debug|x86.Build.0 = Debug|Any CPU
		{2C0601AA-471E-44F8-83AC-F298798B6DCB}.Release|Any CPU.ActiveCfg = Release|Any CPU
		{2C0601AA-471E-44F8-83AC-F298798B6DCB}.Release|Any CPU.Build.0 = Release|Any CPU
		{2C0601AA-471E-44F8-83AC-F298798B6DCB}.Release|x64.ActiveCfg = Release|Any CPU
		{2C0601AA-471E-44F8-83AC-F298798B6DCB}.Release|x64.Build.0 = Release|Any CPU
		{2C0601AA-471E-44F8-83AC-F298798B6DCB}.Release|x86.ActiveCfg = Release|Any CPU
		{2C0601AA-471E-44F8-83AC-F298798B6DCB}.Release|x86.Build.0 = Release|Any CPU
		{0A34F516-FF2C-447D-BB41-2D86B02D25C1}.Debug|Any CPU.ActiveCfg = Debug|Any CPU
		{0A34F516-FF2C-447D-BB41-2D86B02D25C1}.Debug|Any CPU.Build.0 = Debug|Any CPU
		{0A34F516-FF2C-447D-BB41-2D86B02D25C1}.Debug|x64.ActiveCfg = Debug|Any CPU
		{0A34F516-FF2C-447D-BB41-2D86B02D25C1}.Debug|x64.Build.0 = Debug|Any CPU
		{0A34F516-FF2C-447D-BB41-2D86B02D25C1}.Debug|x86.ActiveCfg = Debug|Any CPU
		{0A34F516-FF2C-447D-BB41-2D86B02D25C1}.Debug|x86.Build.0 = Debug|Any CPU
		{0A34F516-FF2C-447D-BB41-2D86B02D25C1}.Release|Any CPU.ActiveCfg = Release|Any CPU
		{0A34F516-FF2C-447D-BB41-2D86B02D25C1}.Release|Any CPU.Build.0 = Release|Any CPU
		{0A34F516-FF2C-447D-BB41-2D86B02D25C1}.Release|x64.ActiveCfg = Release|Any CPU
		{0A34F516-FF2C-447D-BB41-2D86B02D25C1}.Release|x64.Build.0 = Release|Any CPU
		{0A34F516-FF2C-447D-BB41-2D86B02D25C1}.Release|x86.ActiveCfg = Release|Any CPU
		{0A34F516-FF2C-447D-BB41-2D86B02D25C1}.Release|x86.Build.0 = Release|Any CPU
	EndGlobalSection
	GlobalSection(NestedProjects) = preSolution
		{4D7CDC49-E530-4CD1-9082-0E11567C8DAF} = {9E6C5E61-6199-4C8F-A400-F4E407BA4C9B}
		{01238FE3-42CF-4383-A6A2-5C27B80BDE1F} = {9E6C5E61-6199-4C8F-A400-F4E407BA4C9B}
		{718E6DBB-21A9-4EC8-8905-0B77DA8DACB3} = {9E6C5E61-6199-4C8F-A400-F4E407BA4C9B}
		{FF95E83C-75D9-465D-847C-41947A03D6AE} = {9E6C5E61-6199-4C8F-A400-F4E407BA4C9B}
		{2C0601AA-471E-44F8-83AC-F298798B6DCB} = {9E6C5E61-6199-4C8F-A400-F4E407BA4C9B}
		{0A34F516-FF2C-447D-BB41-2D86B02D25C1} = {9E6C5E61-6199-4C8F-A400-F4E407BA4C9B}
	EndGlobalSection
EndGlobal
