
Microsoft Visual Studio Solution File, Format Version 12.00
# Visual Studio 15
VisualStudioVersion = 15.0.26124.0
MinimumVisualStudioVersion = 15.0.26124.0
Project("{2150E333-8FDC-42A3-9474-1A3956D46DE8}") = "Source", "Source", "{9E6C5E61-6199-4C8F-A400-F4E407BA4C9B}"
EndProject
Project("{FAE04EC0-301F-11D3-BF4B-00C04F79EFBC}") = "Build", "Source\Build\Build.csproj", "{4D7CDC49-E530-4CD1-9082-0E11567C8DAF}"
EndProject
Project("{FAE04EC0-301F-11D3-BF4B-00C04F79EFBC}") = "Packager", "Source\Packager\Packager.csproj", "{01238FE3-42CF-4383-A6A2-5C27B80BDE1F}"
EndProject
Project("{FAE04EC0-301F-11D3-BF4B-00C04F79EFBC}") = "WebAssembly", "Source\WebAssembly\WebAssembly.csproj", "{25F28E33-6035-451A-B3E5-180825A80CE5}"
EndProject
Global
	GlobalSection(SolutionConfigurationPlatforms) = preSolution
		Debug|Any CPU = Debug|Any CPU
		Debug|x64 = Debug|x64
		Debug|x86 = Debug|x86
		Release|Any CPU = Release|Any CPU
		Release|x64 = Release|x64
		Release|x86 = Release|x86
	EndGlobalSection
	GlobalSection(SolutionProperties) = preSolution
		HideSolutionNode = FALSE
	EndGlobalSection
	GlobalSection(ProjectConfigurationPlatforms) = postSolution
		{4D7CDC49-E530-4CD1-9082-0E11567C8DAF}.Debug|Any CPU.ActiveCfg = Debug|Any CPU
		{4D7CDC49-E530-4CD1-9082-0E11567C8DAF}.Debug|Any CPU.Build.0 = Debug|Any CPU
		{4D7CDC49-E530-4CD1-9082-0E11567C8DAF}.Debug|x64.ActiveCfg = Debug|Any CPU
		{4D7CDC49-E530-4CD1-9082-0E11567C8DAF}.Debug|x64.Build.0 = Debug|Any CPU
		{4D7CDC49-E530-4CD1-9082-0E11567C8DAF}.Debug|x86.ActiveCfg = Debug|Any CPU
		{4D7CDC49-E530-4CD1-9082-0E11567C8DAF}.Debug|x86.Build.0 = Debug|Any CPU
		{4D7CDC49-E530-4CD1-9082-0E11567C8DAF}.Release|Any CPU.ActiveCfg = Release|Any CPU
		{4D7CDC49-E530-4CD1-9082-0E11567C8DAF}.Release|Any CPU.Build.0 = Release|Any CPU
		{4D7CDC49-E530-4CD1-9082-0E11567C8DAF}.Release|x64.ActiveCfg = Release|Any CPU
		{4D7CDC49-E530-4CD1-9082-0E11567C8DAF}.Release|x64.Build.0 = Release|Any CPU
		{4D7CDC49-E530-4CD1-9082-0E11567C8DAF}.Release|x86.ActiveCfg = Release|Any CPU
		{4D7CDC49-E530-4CD1-9082-0E11567C8DAF}.Release|x86.Build.0 = Release|Any CPU
		{01238FE3-42CF-4383-A6A2-5C27B80BDE1F}.Debug|Any CPU.ActiveCfg = Debug|Any CPU
		{01238FE3-42CF-4383-A6A2-5C27B80BDE1F}.Debug|Any CPU.Build.0 = Debug|Any CPU
		{01238FE3-42CF-4383-A6A2-5C27B80BDE1F}.Debug|x64.ActiveCfg = Debug|Any CPU
		{01238FE3-42CF-4383-A6A2-5C27B80BDE1F}.Debug|x64.Build.0 = Debug|Any CPU
		{01238FE3-42CF-4383-A6A2-5C27B80BDE1F}.Debug|x86.ActiveCfg = Debug|Any CPU
		{01238FE3-42CF-4383-A6A2-5C27B80BDE1F}.Debug|x86.Build.0 = Debug|Any CPU
		{01238FE3-42CF-4383-A6A2-5C27B80BDE1F}.Release|Any CPU.ActiveCfg = Release|Any CPU
		{01238FE3-42CF-4383-A6A2-5C27B80BDE1F}.Release|Any CPU.Build.0 = Release|Any CPU
		{01238FE3-42CF-4383-A6A2-5C27B80BDE1F}.Release|x64.ActiveCfg = Release|Any CPU
		{01238FE3-42CF-4383-A6A2-5C27B80BDE1F}.Release|x64.Build.0 = Release|Any CPU
		{01238FE3-42CF-4383-A6A2-5C27B80BDE1F}.Release|x86.ActiveCfg = Release|Any CPU
		{01238FE3-42CF-4383-A6A2-5C27B80BDE1F}.Release|x86.Build.0 = Release|Any CPU
		{25F28E33-6035-451A-B3E5-180825A80CE5}.Debug|Any CPU.ActiveCfg = Debug|Any CPU
		{25F28E33-6035-451A-B3E5-180825A80CE5}.Debug|Any CPU.Build.0 = Debug|Any CPU
		{25F28E33-6035-451A-B3E5-180825A80CE5}.Debug|x64.ActiveCfg = Debug|Any CPU
		{25F28E33-6035-451A-B3E5-180825A80CE5}.Debug|x64.Build.0 = Debug|Any CPU
		{25F28E33-6035-451A-B3E5-180825A80CE5}.Debug|x86.ActiveCfg = Debug|Any CPU
		{25F28E33-6035-451A-B3E5-180825A80CE5}.Debug|x86.Build.0 = Debug|Any CPU
		{25F28E33-6035-451A-B3E5-180825A80CE5}.Release|Any CPU.ActiveCfg = Release|Any CPU
		{25F28E33-6035-451A-B3E5-180825A80CE5}.Release|Any CPU.Build.0 = Release|Any CPU
		{25F28E33-6035-451A-B3E5-180825A80CE5}.Release|x64.ActiveCfg = Release|Any CPU
		{25F28E33-6035-451A-B3E5-180825A80CE5}.Release|x64.Build.0 = Release|Any CPU
		{25F28E33-6035-451A-B3E5-180825A80CE5}.Release|x86.ActiveCfg = Release|Any CPU
		{25F28E33-6035-451A-B3E5-180825A80CE5}.Release|x86.Build.0 = Release|Any CPU
	EndGlobalSection
	GlobalSection(NestedProjects) = preSolution
		{4D7CDC49-E530-4CD1-9082-0E11567C8DAF} = {9E6C5E61-6199-4C8F-A400-F4E407BA4C9B}
		{01238FE3-42CF-4383-A6A2-5C27B80BDE1F} = {9E6C5E61-6199-4C8F-A400-F4E407BA4C9B}
		{25F28E33-6035-451A-B3E5-180825A80CE5} = {9E6C5E61-6199-4C8F-A400-F4E407BA4C9B}
	EndGlobalSection
EndGlobal
